
Microsoft Visual Studio Solution File, Format Version 12.00
# Visual Studio Version 17
VisualStudioVersion = 17.13.35931.197
MinimumVisualStudioVersion = 10.0.40219.1
Project("{FAE04EC0-301F-11D3-BF4B-00C04F79EFBC}") = "Phan quyen RBAC", "Phan quyen RBAC\Phan quyen RBAC.csproj", "{7DE68517-9CA0-445E-BDA4-216EB53BAC8D}"
EndProject
Project("{FAE04EC0-301F-11D3-BF4B-00C04F79EFBC}") = "RbacMvcClient", "RbacMvcClient\RbacMvcClient.csproj", "{3B4FF856-3141-4BB8-8150-D7018EE927DC}"
EndProject
Global
	GlobalSection(SolutionConfigurationPlatforms) = preSolution
		Debug|Any CPU = Debug|Any CPU
		Release|Any CPU = Release|Any CPU
	EndGlobalSection
	GlobalSection(ProjectConfigurationPlatforms) = postSolution
		{7DE68517-9CA0-445E-BDA4-216EB53BAC8D}.Debug|Any CPU.ActiveCfg = Debug|Any CPU
		{7DE68517-9CA0-445E-BDA4-216EB53BAC8D}.Debug|Any CPU.Build.0 = Debug|Any CPU
		{7DE68517-9CA0-445E-BDA4-216EB53BAC8D}.Release|Any CPU.ActiveCfg = Release|Any CPU
		{7DE68517-9CA0-445E-BDA4-216EB53BAC8D}.Release|Any CPU.Build.0 = Release|Any CPU
		{3B4FF856-3141-4BB8-8150-D7018EE927DC}.Debug|Any CPU.ActiveCfg = Debug|Any CPU
		{3B4FF856-3141-4BB8-8150-D7018EE927DC}.Debug|Any CPU.Build.0 = Debug|Any CPU
		{3B4FF856-3141-4BB8-8150-D7018EE927DC}.Release|Any CPU.ActiveCfg = Release|Any CPU
		{3B4FF856-3141-4BB8-8150-D7018EE927DC}.Release|Any CPU.Build.0 = Release|Any CPU
	EndGlobalSection
	GlobalSection(SolutionProperties) = preSolution
		HideSolutionNode = FALSE
	EndGlobalSection
	GlobalSection(ExtensibilityGlobals) = postSolution
		SolutionGuid = {323EC843-74F1-4EF2-80D7-585436A68114}
	EndGlobalSection
EndGlobal
